
Microsoft Visual Studio Solution File, Format Version 12.00
# Visual Studio Version 16
VisualStudioVersion = 16.0.31829.152
MinimumVisualStudioVersion = 10.0.40219.1
Project("{FAE04EC0-301F-11D3-BF4B-00C04F79EFBC}") = "Lab7_2_Labovkin", "Lab7_2_Labovkin\Lab7_2_Labovkin.csproj", "{F75D44EB-766D-4E1A-9508-99177E6BDAA1}"
EndProject
Global
	GlobalSection(SolutionConfigurationPlatforms) = preSolution
		Debug|Any CPU = Debug|Any CPU
		Release|Any CPU = Release|Any CPU
	EndGlobalSection
	GlobalSection(ProjectConfigurationPlatforms) = postSolution
		{F75D44EB-766D-4E1A-9508-99177E6BDAA1}.Debug|Any CPU.ActiveCfg = Debug|Any CPU
		{F75D44EB-766D-4E1A-9508-99177E6BDAA1}.Debug|Any CPU.Build.0 = Debug|Any CPU
		{F75D44EB-766D-4E1A-9508-99177E6BDAA1}.Release|Any CPU.ActiveCfg = Release|Any CPU
		{F75D44EB-766D-4E1A-9508-99177E6BDAA1}.Release|Any CPU.Build.0 = Release|Any CPU
	EndGlobalSection
	GlobalSection(SolutionProperties) = preSolution
		HideSolutionNode = FALSE
	EndGlobalSection
	GlobalSection(ExtensibilityGlobals) = postSolution
		SolutionGuid = {2EBA1204-5F2B-4657-AA26-4521C0C34368}
	EndGlobalSection
EndGlobal
